dependencies:
- name: nginx-ingress
  repository: https://kubernetes-charts.storage.googleapis.com
  version: 1.24.3
- name: cert-manager
  repository: file://cert-manager
  version: v0.1.0
digest: sha256:ac4dada1ae1074082ef442a9d0c90dd83de1d69042f9095a76be17be8e23ac74
generated: 2019-10-14T10:58:50.357842+02:00
