dependencies:
- name: nginx-ingress
  repository: https://kubernetes-charts.storage.googleapis.com
  version: 1.33.1
- name: cert-manager
  repository: https://charts.jetstack.io
  version: v0.13.1
digest: sha256:d7f8709a62a79032bcdcf38810787a040a28ca23f4c3f1dc631d378d5d682057
generated: "2020-03-03T15:58:55.414049+01:00"
