dependencies:
- name: nginx-ingress
  repository: https://kubernetes-charts.storage.googleapis.com
  version: 1.10.2
- name: cert-manager
  repository: file://cert-manager
  version: v0.1.0
digest: sha256:47a38d326e84345629faecda304993d83739dc07616c7ba1e6038fafe3c602e2
generated: 2019-10-10T11:14:23.456096+02:00
